
Microsoft Visual Studio Solution File, Format Version 11.00
# Visual Studio 2010
Project("{FAE04EC0-301F-11D3-BF4B-00C04F79EFBC}") = "SyncFrame", "Assembly-CSharp-firstpass.csproj", "{80A27652-8D68-50FC-9DA9-8DDF4B8C4542}"
EndProject
Project("{FAE04EC0-301F-11D3-BF4B-00C04F79EFBC}") = "SyncFrame", "Assembly-CSharp.csproj", "{09755A07-4BAE-4FB1-FAF2-A7327A211135}"
EndProject
Project("{FAE04EC0-301F-11D3-BF4B-00C04F79EFBC}") = "SyncFrame", "Assembly-CSharp-Editor-firstpass.csproj", "{019F1E3D-3740-852C-8D51-B2F2ED1D5A09}"
EndProject
Global
	GlobalSection(SolutionConfigurationPlatforms) = preSolution
		Debug|Any CPU = Debug|Any CPU
		Release|Any CPU = Release|Any CPU
	EndGlobalSection
	GlobalSection(ProjectConfigurationPlatforms) = postSolution
		{80A27652-8D68-50FC-9DA9-8DDF4B8C4542}.Debug|Any CPU.ActiveCfg = Debug|Any CPU
		{80A27652-8D68-50FC-9DA9-8DDF4B8C4542}.Debug|Any CPU.Build.0 = Debug|Any CPU
		{80A27652-8D68-50FC-9DA9-8DDF4B8C4542}.Release|Any CPU.ActiveCfg = Release|Any CPU
		{80A27652-8D68-50FC-9DA9-8DDF4B8C4542}.Release|Any CPU.Build.0 = Release|Any CPU
		{09755A07-4BAE-4FB1-FAF2-A7327A211135}.Debug|Any CPU.ActiveCfg = Debug|Any CPU
		{09755A07-4BAE-4FB1-FAF2-A7327A211135}.Debug|Any CPU.Build.0 = Debug|Any CPU
		{09755A07-4BAE-4FB1-FAF2-A7327A211135}.Release|Any CPU.ActiveCfg = Release|Any CPU
		{09755A07-4BAE-4FB1-FAF2-A7327A211135}.Release|Any CPU.Build.0 = Release|Any CPU
		{019F1E3D-3740-852C-8D51-B2F2ED1D5A09}.Debug|Any CPU.ActiveCfg = Debug|Any CPU
		{019F1E3D-3740-852C-8D51-B2F2ED1D5A09}.Debug|Any CPU.Build.0 = Debug|Any CPU
		{019F1E3D-3740-852C-8D51-B2F2ED1D5A09}.Release|Any CPU.ActiveCfg = Release|Any CPU
		{019F1E3D-3740-852C-8D51-B2F2ED1D5A09}.Release|Any CPU.Build.0 = Release|Any CPU
	EndGlobalSection
	GlobalSection(SolutionProperties) = preSolution
		HideSolutionNode = FALSE
	EndGlobalSection
	GlobalSection(MonoDevelopProperties) = preSolution
		StartupItem = Assembly-CSharp.csproj
	EndGlobalSection
EndGlobal
